Microsoft Visual Studio Solution File, Format Version 12.00
# Visual Studio Version 16
VisualStudioVersion = 16.0.31025.194
MinimumVisualStudioVersion = 10.0.40219.1
Project("{9A19103F-16F7-4668-BE54-9A1E7A4F7556}") = "EPAD_Backend_Core", "EPAD_Backend_Core\EPAD_Backend_Core.csproj", "{E5393C82-82C2-46BA-A35E-EE5039FF77A5}"
EndProject
Project("{2150E333-8FDC-42A3-9474-1A3956D46DE8}") = "Core", "Core", "{91B12422-4CDC-48E8-BF66-1EC3366C6961}"
EndProject
Project("{9A19103F-16F7-4668-BE54-9A1E7A4F7556}") = "EPAD_Common", "Core\EPAD_Common\EPAD_Common.csproj", "{80865D31-E321-4519-81F4-C4FCFEF87082}"
EndProject
Project("{9A19103F-16F7-4668-BE54-9A1E7A4F7556}") = "EPAD_Services", "Core\EPAD_Services\EPAD_Services.csproj", "{B79E3D48-0E86-4E30-9F9F-B5A3C800B19C}"
EndProject
Project("{9A19103F-16F7-4668-BE54-9A1E7A4F7556}") = "EPAD_Repository", "Core\EPAD_Repository\EPAD_Repository.csproj", "{BCA09712-5F39-47C6-B758-42147D3786A0}"
EndProject
Project("{9A19103F-16F7-4668-BE54-9A1E7A4F7556}") = "EPAD_Data", "Core\EPAD_Data\EPAD_Data.csproj", "{B1419DD6-EC25-4142-ADCA-A8006C1065A1}"
EndProject
Project("{9A19103F-16F7-4668-BE54-9A1E7A4F7556}") = "GenCode", "Core\GenCode\GenCode.csproj", "{A8A878C5-A801-48A1-B96F-581BD6F74518}"
EndProject
Project("{9A19103F-16F7-4668-BE54-9A1E7A4F7556}") = "EPAD_Logic", "Core\EPAD_Logic\EPAD_Logic.csproj", "{6A3A809E-7287-43AA-A3E0-F123674C8416}"
EndProject
Project("{9A19103F-16F7-4668-BE54-9A1E7A4F7556}") = "EPAD_Background", "Core\EPAD_Background\EPAD_Background.csproj", "{3241F6B1-2270-4AE7-8BB9-F48CA5EFD0E9}"
EndProject
Global
	GlobalSection(SolutionConfigurationPlatforms) = preSolution
		Debug|Any CPU = Debug|Any CPU
		Debug|x64 = Debug|x64
		Debug|x86 = Debug|x86
		Release|Any CPU = Release|Any CPU
		Release|x64 = Release|x64
		Release|x86 = Release|x86
	EndGlobalSection
	GlobalSection(ProjectConfigurationPlatforms) = postSolution
		{E5393C82-82C2-46BA-A35E-EE5039FF77A5}.Debug|Any CPU.ActiveCfg = Debug|Any CPU
		{E5393C82-82C2-46BA-A35E-EE5039FF77A5}.Debug|Any CPU.Build.0 = Debug|Any CPU
		{E5393C82-82C2-46BA-A35E-EE5039FF77A5}.Debug|x64.ActiveCfg = Debug|Any CPU
		{E5393C82-82C2-46BA-A35E-EE5039FF77A5}.Debug|x64.Build.0 = Debug|Any CPU
		{E5393C82-82C2-46BA-A35E-EE5039FF77A5}.Debug|x86.ActiveCfg = Debug|Any CPU
		{E5393C82-82C2-46BA-A35E-EE5039FF77A5}.Debug|x86.Build.0 = Debug|Any CPU
		{E5393C82-82C2-46BA-A35E-EE5039FF77A5}.Release|Any CPU.ActiveCfg = Release|Any CPU
		{E5393C82-82C2-46BA-A35E-EE5039FF77A5}.Release|Any CPU.Build.0 = Release|Any CPU
		{E5393C82-82C2-46BA-A35E-EE5039FF77A5}.Release|x64.ActiveCfg = Release|Any CPU
		{E5393C82-82C2-46BA-A35E-EE5039FF77A5}.Release|x64.Build.0 = Release|Any CPU
		{E5393C82-82C2-46BA-A35E-EE5039FF77A5}.Release|x86.ActiveCfg = Release|Any CPU
		{E5393C82-82C2-46BA-A35E-EE5039FF77A5}.Release|x86.Build.0 = Release|Any CPU
		{80865D31-E321-4519-81F4-C4FCFEF87082}.Debug|Any CPU.ActiveCfg = Debug|Any CPU
		{80865D31-E321-4519-81F4-C4FCFEF87082}.Debug|Any CPU.Build.0 = Debug|Any CPU
		{80865D31-E321-4519-81F4-C4FCFEF87082}.Debug|x64.ActiveCfg = Debug|Any CPU
		{80865D31-E321-4519-81F4-C4FCFEF87082}.Debug|x64.Build.0 = Debug|Any CPU
		{80865D31-E321-4519-81F4-C4FCFEF87082}.Debug|x86.ActiveCfg = Debug|Any CPU
		{80865D31-E321-4519-81F4-C4FCFEF87082}.Debug|x86.Build.0 = Debug|Any CPU
		{80865D31-E321-4519-81F4-C4FCFEF87082}.Release|Any CPU.ActiveCfg = Release|Any CPU
		{80865D31-E321-4519-81F4-C4FCFEF87082}.Release|Any CPU.Build.0 = Release|Any CPU
		{80865D31-E321-4519-81F4-C4FCFEF87082}.Release|x64.ActiveCfg = Release|Any CPU
		{80865D31-E321-4519-81F4-C4FCFEF87082}.Release|x64.Build.0 = Release|Any CPU
		{80865D31-E321-4519-81F4-C4FCFEF87082}.Release|x86.ActiveCfg = Release|Any CPU
		{80865D31-E321-4519-81F4-C4FCFEF87082}.Release|x86.Build.0 = Release|Any CPU
		{B79E3D48-0E86-4E30-9F9F-B5A3C800B19C}.Debug|Any CPU.ActiveCfg = Debug|Any CPU
		{B79E3D48-0E86-4E30-9F9F-B5A3C800B19C}.Debug|Any CPU.Build.0 = Debug|Any CPU
		{B79E3D48-0E86-4E30-9F9F-B5A3C800B19C}.Debug|x64.ActiveCfg = Debug|Any CPU
		{B79E3D48-0E86-4E30-9F9F-B5A3C800B19C}.Debug|x64.Build.0 = Debug|Any CPU
		{B79E3D48-0E86-4E30-9F9F-B5A3C800B19C}.Debug|x86.ActiveCfg = Debug|Any CPU
		{B79E3D48-0E86-4E30-9F9F-B5A3C800B19C}.Debug|x86.Build.0 = Debug|Any CPU
		{B79E3D48-0E86-4E30-9F9F-B5A3C800B19C}.Release|Any CPU.ActiveCfg = Release|Any CPU
		{B79E3D48-0E86-4E30-9F9F-B5A3C800B19C}.Release|Any CPU.Build.0 = Release|Any CPU
		{B79E3D48-0E86-4E30-9F9F-B5A3C800B19C}.Release|x64.ActiveCfg = Release|Any CPU
		{B79E3D48-0E86-4E30-9F9F-B5A3C800B19C}.Release|x64.Build.0 = Release|Any CPU
		{B79E3D48-0E86-4E30-9F9F-B5A3C800B19C}.Release|x86.ActiveCfg = Release|Any CPU
		{B79E3D48-0E86-4E30-9F9F-B5A3C800B19C}.Release|x86.Build.0 = Release|Any CPU
		{BCA09712-5F39-47C6-B758-42147D3786A0}.Debug|Any CPU.ActiveCfg = Debug|Any CPU
		{BCA09712-5F39-47C6-B758-42147D3786A0}.Debug|Any CPU.Build.0 = Debug|Any CPU
		{BCA09712-5F39-47C6-B758-42147D3786A0}.Debug|x64.ActiveCfg = Debug|Any CPU
		{BCA09712-5F39-47C6-B758-42147D3786A0}.Debug|x64.Build.0 = Debug|Any CPU
		{BCA09712-5F39-47C6-B758-42147D3786A0}.Debug|x86.ActiveCfg = Debug|Any CPU
		{BCA09712-5F39-47C6-B758-42147D3786A0}.Debug|x86.Build.0 = Debug|Any CPU
		{BCA09712-5F39-47C6-B758-42147D3786A0}.Release|Any CPU.ActiveCfg = Release|Any CPU
		{BCA09712-5F39-47C6-B758-42147D3786A0}.Release|Any CPU.Build.0 = Release|Any CPU
		{BCA09712-5F39-47C6-B758-42147D3786A0}.Release|x64.ActiveCfg = Release|Any CPU
		{BCA09712-5F39-47C6-B758-42147D3786A0}.Release|x64.Build.0 = Release|Any CPU
		{BCA09712-5F39-47C6-B758-42147D3786A0}.Release|x86.ActiveCfg = Release|Any CPU
		{BCA09712-5F39-47C6-B758-42147D3786A0}.Release|x86.Build.0 = Release|Any CPU
		{B1419DD6-EC25-4142-ADCA-A8006C1065A1}.Debug|Any CPU.ActiveCfg = Debug|Any CPU
		{B1419DD6-EC25-4142-ADCA-A8006C1065A1}.Debug|Any CPU.Build.0 = Debug|Any CPU
		{B1419DD6-EC25-4142-ADCA-A8006C1065A1}.Debug|x64.ActiveCfg = Debug|Any CPU
		{B1419DD6-EC25-4142-ADCA-A8006C1065A1}.Debug|x64.Build.0 = Debug|Any CPU
		{B1419DD6-EC25-4142-ADCA-A8006C1065A1}.Debug|x86.ActiveCfg = Debug|Any CPU
		{B1419DD6-EC25-4142-ADCA-A8006C1065A1}.Debug|x86.Build.0 = Debug|Any CPU
		{B1419DD6-EC25-4142-ADCA-A8006C1065A1}.Release|Any CPU.ActiveCfg = Release|Any CPU
		{B1419DD6-EC25-4142-ADCA-A8006C1065A1}.Release|Any CPU.Build.0 = Release|Any CPU
		{B1419DD6-EC25-4142-ADCA-A8006C1065A1}.Release|x64.ActiveCfg = Release|Any CPU
		{B1419DD6-EC25-4142-ADCA-A8006C1065A1}.Release|x64.Build.0 = Release|Any CPU
		{B1419DD6-EC25-4142-ADCA-A8006C1065A1}.Release|x86.ActiveCfg = Release|Any CPU
		{B1419DD6-EC25-4142-ADCA-A8006C1065A1}.Release|x86.Build.0 = Release|Any CPU
		{A8A878C5-A801-48A1-B96F-581BD6F74518}.Debug|Any CPU.ActiveCfg = Debug|Any CPU
		{A8A878C5-A801-48A1-B96F-581BD6F74518}.Debug|Any CPU.Build.0 = Debug|Any CPU
		{A8A878C5-A801-48A1-B96F-581BD6F74518}.Debug|x64.ActiveCfg = Debug|Any CPU
		{A8A878C5-A801-48A1-B96F-581BD6F74518}.Debug|x64.Build.0 = Debug|Any CPU
		{A8A878C5-A801-48A1-B96F-581BD6F74518}.Debug|x86.ActiveCfg = Debug|Any CPU
		{A8A878C5-A801-48A1-B96F-581BD6F74518}.Debug|x86.Build.0 = Debug|Any CPU
		{A8A878C5-A801-48A1-B96F-581BD6F74518}.Release|Any CPU.ActiveCfg = Release|Any CPU
		{A8A878C5-A801-48A1-B96F-581BD6F74518}.Release|Any CPU.Build.0 = Release|Any CPU
		{A8A878C5-A801-48A1-B96F-581BD6F74518}.Release|x64.ActiveCfg = Release|Any CPU
		{A8A878C5-A801-48A1-B96F-581BD6F74518}.Release|x64.Build.0 = Release|Any CPU
		{A8A878C5-A801-48A1-B96F-581BD6F74518}.Release|x86.ActiveCfg = Release|Any CPU
		{A8A878C5-A801-48A1-B96F-581BD6F74518}.Release|x86.Build.0 = Release|Any CPU
		{6A3A809E-7287-43AA-A3E0-F123674C8416}.Debug|Any CPU.ActiveCfg = Debug|Any CPU
		{6A3A809E-7287-43AA-A3E0-F123674C8416}.Debug|Any CPU.Build.0 = Debug|Any CPU
		{6A3A809E-7287-43AA-A3E0-F123674C8416}.Debug|x64.ActiveCfg = Debug|Any CPU
		{6A3A809E-7287-43AA-A3E0-F123674C8416}.Debug|x64.Build.0 = Debug|Any CPU
		{6A3A809E-7287-43AA-A3E0-F123674C8416}.Debug|x86.ActiveCfg = Debug|Any CPU
		{6A3A809E-7287-43AA-A3E0-F123674C8416}.Debug|x86.Build.0 = Debug|Any CPU
		{6A3A809E-7287-43AA-A3E0-F123674C8416}.Release|Any CPU.ActiveCfg = Release|Any CPU
		{6A3A809E-7287-43AA-A3E0-F123674C8416}.Release|Any CPU.Build.0 = Release|Any CPU
		{6A3A809E-7287-43AA-A3E0-F123674C8416}.Release|x64.ActiveCfg = Release|Any CPU
		{6A3A809E-7287-43AA-A3E0-F123674C8416}.Release|x64.Build.0 = Release|Any CPU
		{6A3A809E-7287-43AA-A3E0-F123674C8416}.Release|x86.ActiveCfg = Release|Any CPU
		{6A3A809E-7287-43AA-A3E0-F123674C8416}.Release|x86.Build.0 = Release|Any CPU
		{3241F6B1-2270-4AE7-8BB9-F48CA5EFD0E9}.Debug|Any CPU.ActiveCfg = Debug|Any CPU
		{3241F6B1-2270-4AE7-8BB9-F48CA5EFD0E9}.Debug|Any CPU.Build.0 = Debug|Any CPU
		{3241F6B1-2270-4AE7-8BB9-F48CA5EFD0E9}.Debug|x64.ActiveCfg = Debug|Any CPU
		{3241F6B1-2270-4AE7-8BB9-F48CA5EFD0E9}.Debug|x64.Build.0 = Debug|Any CPU
		{3241F6B1-2270-4AE7-8BB9-F48CA5EFD0E9}.Debug|x86.ActiveCfg = Debug|Any CPU
		{3241F6B1-2270-4AE7-8BB9-F48CA5EFD0E9}.Debug|x86.Build.0 = Debug|Any CPU
		{3241F6B1-2270-4AE7-8BB9-F48CA5EFD0E9}.Release|Any CPU.ActiveCfg = Release|Any CPU
		{3241F6B1-2270-4AE7-8BB9-F48CA5EFD0E9}.Release|Any CPU.Build.0 = Release|Any CPU
		{3241F6B1-2270-4AE7-8BB9-F48CA5EFD0E9}.Release|x64.ActiveCfg = Release|Any CPU
		{3241F6B1-2270-4AE7-8BB9-F48CA5EFD0E9}.Release|x64.Build.0 = Release|Any CPU
		{3241F6B1-2270-4AE7-8BB9-F48CA5EFD0E9}.Release|x86.ActiveCfg = Release|Any CPU
		{3241F6B1-2270-4AE7-8BB9-F48CA5EFD0E9}.Release|x86.Build.0 = Release|Any CPU
	EndGlobalSection
	GlobalSection(SolutionProperties) = preSolution
		HideSolutionNode = FALSE
	EndGlobalSection
	GlobalSection(NestedProjects) = preSolution
		{80865D31-E321-4519-81F4-C4FCFEF87082} = {91B12422-4CDC-48E8-BF66-1EC3366C6961}
		{B79E3D48-0E86-4E30-9F9F-B5A3C800B19C} = {91B12422-4CDC-48E8-BF66-1EC3366C6961}
		{BCA09712-5F39-47C6-B758-42147D3786A0} = {91B12422-4CDC-48E8-BF66-1EC3366C6961}
		{B1419DD6-EC25-4142-ADCA-A8006C1065A1} = {91B12422-4CDC-48E8-BF66-1EC3366C6961}
		{A8A878C5-A801-48A1-B96F-581BD6F74518} = {91B12422-4CDC-48E8-BF66-1EC3366C6961}
		{6A3A809E-7287-43AA-A3E0-F123674C8416} = {91B12422-4CDC-48E8-BF66-1EC3366C6961}
		{3241F6B1-2270-4AE7-8BB9-F48CA5EFD0E9} = {91B12422-4CDC-48E8-BF66-1EC3366C6961}
	EndGlobalSection
	GlobalSection(ExtensibilityGlobals) = postSolution
		SolutionGuid = {E11D13E6-4062-4169-87F3-7B7F27606057}
	EndGlobalSection
EndGlobal
